{
  "version": 4,
  "terraform_version": "1.1.2",
  "serial": 85,
  "lineage": "2cdfe0c1-925a-4487-54bb-e7847de6746d",
  "outputs": {
    "azurerm_public_ip": {
      "value": "20.126.86.172",
      "type": "string"
    }
  },
  "resources": [
    {
      "mode": "data",
      "type": "template_file",
      "name": "nginx-vm-cloud-init",
      "provider": "provider[\"registry.terraform.io/hashicorp/template\"]",
      "instances": [
        {
          "schema_version": 0,
          "attributes": {
            "filename": null,
            "id": "d248fde5b1d75c13f33ffcbdb29c421d2c54ab23d1b21cf071263a0dad5f446c",
            "rendered": "#!/bin/bash\nsudo apt-get update\nsudo apt install nginx -y\nsudo snap install core \u0026\u0026 sudo snap refresh core\nsudo snap install --classic certbot\nsudo ln -s /snap/bin/certbot /usr/bin/certbot\nsudo /bin/sh -v -c \"/usr/bin/certbot --agree-tos --email mvb4711@gmail.com -n --nginx --domains mvb4711.westeurope.cloudapp.azure.com\"\n",
            "template": "#!/bin/bash\nsudo apt-get update\nsudo apt install nginx -y\nsudo snap install core \u0026\u0026 sudo snap refresh core\nsudo snap install --classic certbot\nsudo ln -s /snap/bin/certbot /usr/bin/certbot\nsudo /bin/sh -v -c \"/usr/bin/certbot --agree-tos --email mvb4711@gmail.com -n --nginx --domains mvb4711.westeurope.cloudapp.azure.com\"\n",
            "vars": null
          },
          "sensitive_attributes": []
        }
      ]
    },
    {
      "mode": "managed",
      "type": "azurerm_linux_virtual_machine",
      "name": "nginx",
      "provider": "provider[\"registry.terraform.io/hashicorp/azurerm\"]",
      "instances": [
        {
          "schema_version": 0,
          "attributes": {
            "additional_capabilities": [],
            "admin_password": null,
            "admin_ssh_key": [
              {
                "public_key": "ssh-rsa AAAAB3NzaC1yc2EAAAADAQABAAABgQCjeynFzp68rCjqphsJM4J1a/7talPPEAWKvEM0rdudjzeAor802+AH6a+5uc7ac0fwYOj6bzI8Ys83jlt3CMq7a8yi617yRKo0Or+ki3WFkC417mEchVSe+oHrlxhN8iVZxkzSPg8SFXMIg43r7ZSp9Ls9ny+nhN4EiHavWXQRpdK+ztRq85UWhO+ES/70FCfLHCV8dDm7LbfoVZdKyc1CBy4Qd+UcQT+v2lPSI+sK54y5iWKYrJR/GwmwI5H6aD3qjkYMZbXcULNgukW7nF8UQ9Lo/bbse8JwxQu2Z2NN6mpgjfA2yVrThTP7yyqbbu7BBXIS7GUTH0qoUq5RBQLpmWyj14XrogHSx760v4Q6g4+cNY5SSr3WlGyH6hgL0ZzVNTx7fiq3pw/O//CFM0Si5kf4YhCqttCv6H/GAv1MIofw116Ku0Q5iQdYZBiojpfi5IIuzUNW4lM/+PkH5oo1PwesqG/eamNzLAKLxHPpUzqneIa3LtDJ9wUisxScEFk= Administrator@ah-onprem\n",
                "username": "adminuser"
              }
            ],
            "admin_username": "adminuser",
            "allow_extension_operations": true,
            "availability_set_id": "",
            "boot_diagnostics": [],
            "computer_name": "nginx-machine",
            "custom_data": "IyEvYmluL2Jhc2gKc3VkbyBhcHQtZ2V0IHVwZGF0ZQpzdWRvIGFwdCBpbnN0YWxsIG5naW54IC15CnN1ZG8gc25hcCBpbnN0YWxsIGNvcmUgJiYgc3VkbyBzbmFwIHJlZnJlc2ggY29yZQpzdWRvIHNuYXAgaW5zdGFsbCAtLWNsYXNzaWMgY2VydGJvdApzdWRvIGxuIC1zIC9zbmFwL2Jpbi9jZXJ0Ym90IC91c3IvYmluL2NlcnRib3QKc3VkbyAvYmluL3NoIC12IC1jICIvdXNyL2Jpbi9jZXJ0Ym90IC0tYWdyZWUtdG9zIC0tZW1haWwgbXZiNDcxMUBnbWFpbC5jb20gLW4gLS1uZ2lueCAtLWRvbWFpbnMgbXZiNDcxMS53ZXN0ZXVyb3BlLmNsb3VkYXBwLmF6dXJlLmNvbSIK",
            "dedicated_host_id": "",
            "disable_password_authentication": true,
            "encryption_at_host_enabled": false,
            "eviction_policy": "",
            "extensions_time_budget": "PT1H30M",
            "id": "/subscriptions/1cf77732-9afc-4948-940c-c7ecadd34140/resourceGroups/nginx-resources/providers/Microsoft.Compute/virtualMachines/nginx-machine",
            "identity": [],
            "license_type": "",
            "location": "westeurope",
            "max_bid_price": -1,
            "name": "nginx-machine",
            "network_interface_ids": [
              "/subscriptions/1cf77732-9afc-4948-940c-c7ecadd34140/resourceGroups/nginx-resources/providers/Microsoft.Network/networkInterfaces/nginx-nic"
            ],
            "os_disk": [
              {
                "caching": "ReadWrite",
                "diff_disk_settings": [],
                "disk_encryption_set_id": "",
                "disk_size_gb": 30,
                "name": "nginx-machine_OsDisk_1_a65ed6b29ec3452580c0d0d0738e6146",
                "storage_account_type": "Standard_LRS",
                "write_accelerator_enabled": false
              }
            ],
            "patch_mode": "ImageDefault",
            "plan": [],
            "platform_fault_domain": -1,
            "priority": "Regular",
            "private_ip_address": "10.0.2.4",
            "private_ip_addresses": [
              "10.0.2.4"
            ],
            "provision_vm_agent": true,
            "proximity_placement_group_id": "",
            "public_ip_address": "20.126.86.172",
            "public_ip_addresses": [
              "20.126.86.172"
            ],
            "resource_group_name": "nginx-resources",
            "secret": [],
            "secure_boot_enabled": false,
            "size": "Standard_B1ls",
            "source_image_id": "",
            "source_image_reference": [
              {
                "offer": "UbuntuServer",
                "publisher": "Canonical",
                "sku": "18.04-LTS",
                "version": "latest"
              }
            ],
            "tags": null,
            "timeouts": null,
            "virtual_machine_id": "298a1f0a-1daf-47d6-93ec-70350e88bd89",
            "virtual_machine_scale_set_id": "",
            "vtpm_enabled": false,
            "zone": ""
          },
          "sensitive_attributes": [],
          "private": "eyJlMmJmYjczMC1lY2FhLTExZTYtOGY4OC0zNDM2M2JjN2M0YzAiOnsiY3JlYXRlIjoyNzAwMDAwMDAwMDAwLCJkZWxldGUiOjI3MDAwMDAwMDAwMDAsInJlYWQiOjMwMDAwMDAwMDAwMCwidXBkYXRlIjoyNzAwMDAwMDAwMDAwfX0=",
          "dependencies": [
            "azurerm_network_interface.nginx",
            "azurerm_resource_group.nginx",
            "data.template_file.nginx-vm-cloud-init"
          ]
        }
      ]
    },
    {
      "mode": "managed",
      "type": "azurerm_network_interface",
      "name": "nginx",
      "provider": "provider[\"registry.terraform.io/hashicorp/azurerm\"]",
      "instances": [
        {
          "schema_version": 0,
          "attributes": {
            "applied_dns_servers": [],
            "dns_servers": [],
            "enable_accelerated_networking": false,
            "enable_ip_forwarding": false,
            "id": "/subscriptions/1cf77732-9afc-4948-940c-c7ecadd34140/resourceGroups/nginx-resources/providers/Microsoft.Network/networkInterfaces/nginx-nic",
            "internal_dns_name_label": "",
            "internal_domain_name_suffix": "4fcjdsgfksgutbkvzcstalktoc.ax.internal.cloudapp.net",
            "ip_configuration": [
              {
                "gateway_load_balancer_frontend_ip_configuration_id": "",
                "name": "internal",
                "primary": true,
                "private_ip_address": "10.0.2.4",
                "private_ip_address_allocation": "Dynamic",
                "private_ip_address_version": "IPv4",
                "public_ip_address_id": "/subscriptions/1cf77732-9afc-4948-940c-c7ecadd34140/resourceGroups/nginx-resources/providers/Microsoft.Network/publicIPAddresses/nginx-pubIP",
                "subnet_id": "/subscriptions/1cf77732-9afc-4948-940c-c7ecadd34140/resourceGroups/nginx-resources/providers/Microsoft.Network/virtualNetworks/nginx-network/subnets/internal"
              }
            ],
            "location": "westeurope",
            "mac_address": "00-0D-3A-AA-AA-5A",
            "name": "nginx-nic",
            "private_ip_address": "10.0.2.4",
            "private_ip_addresses": [
              "10.0.2.4"
            ],
            "resource_group_name": "nginx-resources",
            "tags": {},
            "timeouts": null,
            "virtual_machine_id": "/subscriptions/1cf77732-9afc-4948-940c-c7ecadd34140/resourceGroups/nginx-resources/providers/Microsoft.Compute/virtualMachines/nginx-machine"
          },
          "sensitive_attributes": [],
          "private": "eyJlMmJmYjczMC1lY2FhLTExZTYtOGY4OC0zNDM2M2JjN2M0YzAiOnsiY3JlYXRlIjoxODAwMDAwMDAwMDAwLCJkZWxldGUiOjE4MDAwMDAwMDAwMDAsInJlYWQiOjMwMDAwMDAwMDAwMCwidXBkYXRlIjoxODAwMDAwMDAwMDAwfX0=",
          "dependencies": [
            "azurerm_subnet.nginx",
            "azurerm_virtual_network.nginx",
            "azurerm_public_ip.nginxpublicip",
            "azurerm_resource_group.nginx"
          ]
        }
      ]
    },
    {
      "mode": "managed",
      "type": "azurerm_network_interface_security_group_association",
      "name": "nginx",
      "provider": "provider[\"registry.terraform.io/hashicorp/azurerm\"]",
      "instances": [
        {
          "schema_version": 0,
          "attributes": {
            "id": "/subscriptions/1cf77732-9afc-4948-940c-c7ecadd34140/resourceGroups/nginx-resources/providers/Microsoft.Network/networkInterfaces/nginx-nic|/subscriptions/1cf77732-9afc-4948-940c-c7ecadd34140/resourceGroups/nginx-resources/providers/Microsoft.Network/networkSecurityGroups/nginxNSG",
            "network_interface_id": "/subscriptions/1cf77732-9afc-4948-940c-c7ecadd34140/resourceGroups/nginx-resources/providers/Microsoft.Network/networkInterfaces/nginx-nic",
            "network_security_group_id": "/subscriptions/1cf77732-9afc-4948-940c-c7ecadd34140/resourceGroups/nginx-resources/providers/Microsoft.Network/networkSecurityGroups/nginxNSG",
            "timeouts": null
          },
          "sensitive_attributes": [],
          "private": "eyJlMmJmYjczMC1lY2FhLTExZTYtOGY4OC0zNDM2M2JjN2M0YzAiOnsiY3JlYXRlIjoxODAwMDAwMDAwMDAwLCJkZWxldGUiOjE4MDAwMDAwMDAwMDAsInJlYWQiOjMwMDAwMDAwMDAwMCwidXBkYXRlIjoxODAwMDAwMDAwMDAwfX0=",
          "dependencies": [
            "azurerm_network_interface.nginx",
            "azurerm_network_security_group.nginx-nsg",
            "azurerm_public_ip.nginxpublicip",
            "azurerm_resource_group.nginx",
            "azurerm_subnet.nginx",
            "azurerm_virtual_network.nginx"
          ]
        }
      ]
    },
    {
      "mode": "managed",
      "type": "azurerm_network_security_group",
      "name": "nginx-nsg",
      "provider": "provider[\"registry.terraform.io/hashicorp/azurerm\"]",
      "instances": [
        {
          "schema_version": 0,
          "attributes": {
            "id": "/subscriptions/1cf77732-9afc-4948-940c-c7ecadd34140/resourceGroups/nginx-resources/providers/Microsoft.Network/networkSecurityGroups/nginxNSG",
            "location": "westeurope",
            "name": "nginxNSG",
            "resource_group_name": "nginx-resources",
            "security_rule": [
              {
                "access": "Allow",
                "description": "",
                "destination_address_prefix": "*",
                "destination_address_prefixes": [],
                "destination_application_security_group_ids": [],
                "destination_port_range": "22",
                "destination_port_ranges": [],
                "direction": "Inbound",
                "name": "SSH",
                "priority": 1001,
                "protocol": "Tcp",
                "source_address_prefix": "*",
                "source_address_prefixes": [],
                "source_application_security_group_ids": [],
                "source_port_range": "*",
                "source_port_ranges": []
              },
              {
                "access": "Allow",
                "description": "",
                "destination_address_prefix": "*",
                "destination_address_prefixes": [],
                "destination_application_security_group_ids": [],
                "destination_port_range": "443",
                "destination_port_ranges": [],
                "direction": "Inbound",
                "name": "HTTPS",
                "priority": 1021,
                "protocol": "Tcp",
                "source_address_prefix": "*",
                "source_address_prefixes": [],
                "source_application_security_group_ids": [],
                "source_port_range": "*",
                "source_port_ranges": []
              },
              {
                "access": "Allow",
                "description": "",
                "destination_address_prefix": "*",
                "destination_address_prefixes": [],
                "destination_application_security_group_ids": [],
                "destination_port_range": "80",
                "destination_port_ranges": [],
                "direction": "Inbound",
                "name": "HTTP",
                "priority": 1011,
                "protocol": "Tcp",
                "source_address_prefix": "*",
                "source_address_prefixes": [],
                "source_application_security_group_ids": [],
                "source_port_range": "*",
                "source_port_ranges": []
              }
            ],
            "tags": {
              "environment": "nginx"
            },
            "timeouts": null
          },
          "sensitive_attributes": [],
          "private": "eyJlMmJmYjczMC1lY2FhLTExZTYtOGY4OC0zNDM2M2JjN2M0YzAiOnsiY3JlYXRlIjoxODAwMDAwMDAwMDAwLCJkZWxldGUiOjE4MDAwMDAwMDAwMDAsInJlYWQiOjMwMDAwMDAwMDAwMCwidXBkYXRlIjoxODAwMDAwMDAwMDAwfX0=",
          "dependencies": [
            "azurerm_resource_group.nginx"
          ]
        }
      ]
    },
    {
      "mode": "managed",
      "type": "azurerm_public_ip",
      "name": "nginxpublicip",
      "provider": "provider[\"registry.terraform.io/hashicorp/azurerm\"]",
      "instances": [
        {
          "schema_version": 0,
          "attributes": {
            "allocation_method": "Static",
            "availability_zone": "No-Zone",
            "domain_name_label": "mvb4711",
            "fqdn": "mvb4711.westeurope.cloudapp.azure.com",
            "id": "/subscriptions/1cf77732-9afc-4948-940c-c7ecadd34140/resourceGroups/nginx-resources/providers/Microsoft.Network/publicIPAddresses/nginx-pubIP",
            "idle_timeout_in_minutes": 4,
            "ip_address": "20.126.86.172",
            "ip_tags": {},
            "ip_version": "IPv4",
            "location": "westeurope",
            "name": "nginx-pubIP",
            "public_ip_prefix_id": null,
            "resource_group_name": "nginx-resources",
            "reverse_fqdn": "",
            "sku": "Basic",
            "sku_tier": "Regional",
            "tags": {},
            "timeouts": null,
            "zones": []
          },
          "sensitive_attributes": [],
          "private": "eyJlMmJmYjczMC1lY2FhLTExZTYtOGY4OC0zNDM2M2JjN2M0YzAiOnsiY3JlYXRlIjoxODAwMDAwMDAwMDAwLCJkZWxldGUiOjE4MDAwMDAwMDAwMDAsInJlYWQiOjMwMDAwMDAwMDAwMCwidXBkYXRlIjoxODAwMDAwMDAwMDAwfX0=",
          "dependencies": [
            "azurerm_resource_group.nginx"
          ]
        }
      ]
    },
    {
      "mode": "managed",
      "type": "azurerm_resource_group",
      "name": "nginx",
      "provider": "provider[\"registry.terraform.io/hashicorp/azurerm\"]",
      "instances": [
        {
          "schema_version": 0,
          "attributes": {
            "id": "/subscriptions/1cf77732-9afc-4948-940c-c7ecadd34140/resourceGroups/nginx-resources",
            "location": "westeurope",
            "name": "nginx-resources",
            "tags": {},
            "timeouts": null
          },
          "sensitive_attributes": [],
          "private": "eyJlMmJmYjczMC1lY2FhLTExZTYtOGY4OC0zNDM2M2JjN2M0YzAiOnsiY3JlYXRlIjo1NDAwMDAwMDAwMDAwLCJkZWxldGUiOjU0MDAwMDAwMDAwMDAsInJlYWQiOjMwMDAwMDAwMDAwMCwidXBkYXRlIjo1NDAwMDAwMDAwMDAwfX0="
        }
      ]
    },
    {
      "mode": "managed",
      "type": "azurerm_subnet",
      "name": "nginx",
      "provider": "provider[\"registry.terraform.io/hashicorp/azurerm\"]",
      "instances": [
        {
          "schema_version": 0,
          "attributes": {
            "address_prefix": "10.0.2.0/24",
            "address_prefixes": [
              "10.0.2.0/24"
            ],
            "delegation": [],
            "enforce_private_link_endpoint_network_policies": false,
            "enforce_private_link_service_network_policies": false,
            "id": "/subscriptions/1cf77732-9afc-4948-940c-c7ecadd34140/resourceGroups/nginx-resources/providers/Microsoft.Network/virtualNetworks/nginx-network/subnets/internal",
            "name": "internal",
            "resource_group_name": "nginx-resources",
            "service_endpoint_policy_ids": [],
            "service_endpoints": [],
            "timeouts": null,
            "virtual_network_name": "nginx-network"
          },
          "sensitive_attributes": [],
          "private": "eyJlMmJmYjczMC1lY2FhLTExZTYtOGY4OC0zNDM2M2JjN2M0YzAiOnsiY3JlYXRlIjoxODAwMDAwMDAwMDAwLCJkZWxldGUiOjE4MDAwMDAwMDAwMDAsInJlYWQiOjMwMDAwMDAwMDAwMCwidXBkYXRlIjoxODAwMDAwMDAwMDAwfX0=",
          "dependencies": [
            "azurerm_resource_group.nginx",
            "azurerm_virtual_network.nginx"
          ]
        }
      ]
    },
    {
      "mode": "managed",
      "type": "azurerm_virtual_network",
      "name": "nginx",
      "provider": "provider[\"registry.terraform.io/hashicorp/azurerm\"]",
      "instances": [
        {
          "schema_version": 0,
          "attributes": {
            "address_space": [
              "10.0.0.0/16"
            ],
            "bgp_community": "",
            "ddos_protection_plan": [],
            "dns_servers": [],
            "flow_timeout_in_minutes": 0,
            "guid": "c89144f1-54c5-498d-8555-c8a5302d5372",
            "id": "/subscriptions/1cf77732-9afc-4948-940c-c7ecadd34140/resourceGroups/nginx-resources/providers/Microsoft.Network/virtualNetworks/nginx-network",
            "location": "westeurope",
            "name": "nginx-network",
            "resource_group_name": "nginx-resources",
            "subnet": [
              {
                "address_prefix": "10.0.2.0/24",
                "id": "/subscriptions/1cf77732-9afc-4948-940c-c7ecadd34140/resourceGroups/nginx-resources/providers/Microsoft.Network/virtualNetworks/nginx-network/subnets/internal",
                "name": "internal",
                "security_group": ""
              }
            ],
            "tags": {},
            "timeouts": null,
            "vm_protection_enabled": false
          },
          "sensitive_attributes": [],
          "private": "eyJlMmJmYjczMC1lY2FhLTExZTYtOGY4OC0zNDM2M2JjN2M0YzAiOnsiY3JlYXRlIjoxODAwMDAwMDAwMDAwLCJkZWxldGUiOjE4MDAwMDAwMDAwMDAsInJlYWQiOjMwMDAwMDAwMDAwMCwidXBkYXRlIjoxODAwMDAwMDAwMDAwfX0=",
          "dependencies": [
            "azurerm_resource_group.nginx"
          ]
        }
      ]
    }
  ]
}
